
Microsoft Visual Studio Solution File, Format Version 12.00
# Visual Studio Version 16
VisualStudioVersion = 16.0.28803.202
MinimumVisualStudioVersion = 10.0.40219.1
Project("{FAE04EC0-301F-11D3-BF4B-00C04F79EFBC}") = "WindowsService2", "WindowsService2\WindowsService2.csproj", "{45792236-E7B6-4A96-8716-D958813D64C6}"
EndProject
Global
	GlobalSection(SolutionConfigurationPlatforms) = preSolution
		Debug|Any CPU = Debug|Any CPU
		Release|Any CPU = Release|Any CPU
	EndGlobalSection
	GlobalSection(ProjectConfigurationPlatforms) = postSolution
		{45792236-E7B6-4A96-8716-D958813D64C6}.Debug|Any CPU.ActiveCfg = Debug|Any CPU
		{45792236-E7B6-4A96-8716-D958813D64C6}.Debug|Any CPU.Build.0 = Debug|Any CPU
		{45792236-E7B6-4A96-8716-D958813D64C6}.Release|Any CPU.ActiveCfg = Release|Any CPU
		{45792236-E7B6-4A96-8716-D958813D64C6}.Release|Any CPU.Build.0 = Release|Any CPU
	EndGlobalSection
	GlobalSection(SolutionProperties) = preSolution
		HideSolutionNode = FALSE
	EndGlobalSection
	GlobalSection(ExtensibilityGlobals) = postSolution
		SolutionGuid = {701C8FFD-737D-48BB-A408-BDAD0954FC71}
	EndGlobalSection
EndGlobal
